
Microsoft Visual Studio Solution File, Format Version 12.00
# Visual Studio Version 17
VisualStudioVersion = 17.4.33110.190
MinimumVisualStudioVersion = 10.0.40219.1
Project("{9A19103F-16F7-4668-BE54-9A1E7A4F7556}") = "TwistedFizzBuzz.ConsoleApp", "TwistedFizzBuzz.Console\TwistedFizzBuzz.ConsoleApp.csproj", "{69B522D6-3991-4D2C-B0B3-BEAD03B2B671}"
EndProject
Project("{9A19103F-16F7-4668-BE54-9A1E7A4F7556}") = "TwistedFizzBuzz.Library", "TwistedFizzBuzz.Library\TwistedFizzBuzz.Library.csproj", "{A255FC6E-D599-4BB5-BE1E-68280857DE64}"
EndProject
Project("{FAE04EC0-301F-11D3-BF4B-00C04F79EFBC}") = "TwistedFizzBuzz.ConsoleApp1", "TwistedFizzBuzz.ConsoleApp1\TwistedFizzBuzz.ConsoleApp1.csproj", "{E42AD79C-6419-4680-A984-841498C5A5EA}"
EndProject
Project("{FAE04EC0-301F-11D3-BF4B-00C04F79EFBC}") = "TwistedFizzBuzz.Tests", "TwistedFizzBuzz.Tests\TwistedFizzBuzz.Tests.csproj", "{024669C5-2850-4A6E-A7E6-537279ECF8F3}"
EndProject
Global
	GlobalSection(SolutionConfigurationPlatforms) = preSolution
		Debug|Any CPU = Debug|Any CPU
		Release|Any CPU = Release|Any CPU
	EndGlobalSection
	GlobalSection(ProjectConfigurationPlatforms) = postSolution
		{69B522D6-3991-4D2C-B0B3-BEAD03B2B671}.Debug|Any CPU.ActiveCfg = Debug|Any CPU
		{69B522D6-3991-4D2C-B0B3-BEAD03B2B671}.Debug|Any CPU.Build.0 = Debug|Any CPU
		{69B522D6-3991-4D2C-B0B3-BEAD03B2B671}.Release|Any CPU.ActiveCfg = Release|Any CPU
		{69B522D6-3991-4D2C-B0B3-BEAD03B2B671}.Release|Any CPU.Build.0 = Release|Any CPU
		{A255FC6E-D599-4BB5-BE1E-68280857DE64}.Debug|Any CPU.ActiveCfg = Debug|Any CPU
		{A255FC6E-D599-4BB5-BE1E-68280857DE64}.Debug|Any CPU.Build.0 = Debug|Any CPU
		{A255FC6E-D599-4BB5-BE1E-68280857DE64}.Release|Any CPU.ActiveCfg = Release|Any CPU
		{A255FC6E-D599-4BB5-BE1E-68280857DE64}.Release|Any CPU.Build.0 = Release|Any CPU
		{E42AD79C-6419-4680-A984-841498C5A5EA}.Debug|Any CPU.ActiveCfg = Debug|Any CPU
		{E42AD79C-6419-4680-A984-841498C5A5EA}.Debug|Any CPU.Build.0 = Debug|Any CPU
		{E42AD79C-6419-4680-A984-841498C5A5EA}.Release|Any CPU.ActiveCfg = Release|Any CPU
		{E42AD79C-6419-4680-A984-841498C5A5EA}.Release|Any CPU.Build.0 = Release|Any CPU
		{024669C5-2850-4A6E-A7E6-537279ECF8F3}.Debug|Any CPU.ActiveCfg = Debug|Any CPU
		{024669C5-2850-4A6E-A7E6-537279ECF8F3}.Debug|Any CPU.Build.0 = Debug|Any CPU
		{024669C5-2850-4A6E-A7E6-537279ECF8F3}.Release|Any CPU.ActiveCfg = Release|Any CPU
		{024669C5-2850-4A6E-A7E6-537279ECF8F3}.Release|Any CPU.Build.0 = Release|Any CPU
	EndGlobalSection
	GlobalSection(SolutionProperties) = preSolution
		HideSolutionNode = FALSE
	EndGlobalSection
	GlobalSection(ExtensibilityGlobals) = postSolution
		SolutionGuid = {8149E6E2-AB86-49A8-B92B-BF88E2BDA732}
	EndGlobalSection
EndGlobal
